
Microsoft Visual Studio Solution File, Format Version 12.00
# Visual Studio Version 17
VisualStudioVersion = 17.2.32616.157
MinimumVisualStudioVersion = 10.0.40219.1
Project("{8BC9CEB8-8B4A-11D0-8D11-00A0C91BC942}") = "Server", "Server\Server.vcxproj", "{D6277A52-3637-43E4-9A69-1C29ED535066}"
EndProject
Project("{8BC9CEB8-8B4A-11D0-8D11-00A0C91BC942}") = "Thin Window Wrapper", "Common\Thin Window Wrapper\Thin Window Wrapper.vcxproj", "{6C7E2B80-A9B2-4E4A-804B-F85ED2A2C468}"
EndProject
Project("{8BC9CEB8-8B4A-11D0-8D11-00A0C91BC942}") = "Custom TitleBar Library", "Common\Custom TitleBar Library\Custom TitleBar Library.vcxproj", "{B2CE89BD-4674-4756-8B21-A900CE97CFDE}"
EndProject
Project("{8BC9CEB8-8B4A-11D0-8D11-00A0C91BC942}") = "Common", "Common\Common\Common.vcxproj", "{9C19516D-8465-4636-A376-591D3C21DD89}"
EndProject
Project("{8BC9CEB8-8B4A-11D0-8D11-00A0C91BC942}") = "Client", "Client\Client.vcxproj", "{3F5B1FF0-6014-4CE5-9071-F039AB54F62E}"
EndProject
Global
	GlobalSection(SolutionConfigurationPlatforms) = preSolution
		Debug|x64 = Debug|x64
		Debug|x86 = Debug|x86
		Release|x64 = Release|x64
		Release|x86 = Release|x86
	EndGlobalSection
	GlobalSection(ProjectConfigurationPlatforms) = postSolution
		{D6277A52-3637-43E4-9A69-1C29ED535066}.Debug|x64.ActiveCfg = Debug|x64
		{D6277A52-3637-43E4-9A69-1C29ED535066}.Debug|x64.Build.0 = Debug|x64
		{D6277A52-3637-43E4-9A69-1C29ED535066}.Debug|x86.ActiveCfg = Debug|Win32
		{D6277A52-3637-43E4-9A69-1C29ED535066}.Debug|x86.Build.0 = Debug|Win32
		{D6277A52-3637-43E4-9A69-1C29ED535066}.Release|x64.ActiveCfg = Release|x64
		{D6277A52-3637-43E4-9A69-1C29ED535066}.Release|x64.Build.0 = Release|x64
		{D6277A52-3637-43E4-9A69-1C29ED535066}.Release|x86.ActiveCfg = Release|Win32
		{D6277A52-3637-43E4-9A69-1C29ED535066}.Release|x86.Build.0 = Release|Win32
		{6C7E2B80-A9B2-4E4A-804B-F85ED2A2C468}.Debug|x64.ActiveCfg = Debug|x64
		{6C7E2B80-A9B2-4E4A-804B-F85ED2A2C468}.Debug|x64.Build.0 = Debug|x64
		{6C7E2B80-A9B2-4E4A-804B-F85ED2A2C468}.Debug|x86.ActiveCfg = Debug|Win32
		{6C7E2B80-A9B2-4E4A-804B-F85ED2A2C468}.Debug|x86.Build.0 = Debug|Win32
		{6C7E2B80-A9B2-4E4A-804B-F85ED2A2C468}.Release|x64.ActiveCfg = Release|x64
		{6C7E2B80-A9B2-4E4A-804B-F85ED2A2C468}.Release|x64.Build.0 = Release|x64
		{6C7E2B80-A9B2-4E4A-804B-F85ED2A2C468}.Release|x86.ActiveCfg = Release|Win32
		{6C7E2B80-A9B2-4E4A-804B-F85ED2A2C468}.Release|x86.Build.0 = Release|Win32
		{B2CE89BD-4674-4756-8B21-A900CE97CFDE}.Debug|x64.ActiveCfg = Debug|x64
		{B2CE89BD-4674-4756-8B21-A900CE97CFDE}.Debug|x64.Build.0 = Debug|x64
		{B2CE89BD-4674-4756-8B21-A900CE97CFDE}.Debug|x86.ActiveCfg = Debug|Win32
		{B2CE89BD-4674-4756-8B21-A900CE97CFDE}.Debug|x86.Build.0 = Debug|Win32
		{B2CE89BD-4674-4756-8B21-A900CE97CFDE}.Release|x64.ActiveCfg = Release|x64
		{B2CE89BD-4674-4756-8B21-A900CE97CFDE}.Release|x64.Build.0 = Release|x64
		{B2CE89BD-4674-4756-8B21-A900CE97CFDE}.Release|x86.ActiveCfg = Release|Win32
		{B2CE89BD-4674-4756-8B21-A900CE97CFDE}.Release|x86.Build.0 = Release|Win32
		{9C19516D-8465-4636-A376-591D3C21DD89}.Debug|x64.ActiveCfg = Debug|x64
		{9C19516D-8465-4636-A376-591D3C21DD89}.Debug|x64.Build.0 = Debug|x64
		{9C19516D-8465-4636-A376-591D3C21DD89}.Debug|x86.ActiveCfg = Debug|Win32
		{9C19516D-8465-4636-A376-591D3C21DD89}.Debug|x86.Build.0 = Debug|Win32
		{9C19516D-8465-4636-A376-591D3C21DD89}.Release|x64.ActiveCfg = Release|x64
		{9C19516D-8465-4636-A376-591D3C21DD89}.Release|x64.Build.0 = Release|x64
		{9C19516D-8465-4636-A376-591D3C21DD89}.Release|x86.ActiveCfg = Release|Win32
		{9C19516D-8465-4636-A376-591D3C21DD89}.Release|x86.Build.0 = Release|Win32
		{3F5B1FF0-6014-4CE5-9071-F039AB54F62E}.Debug|x64.ActiveCfg = Debug|x64
		{3F5B1FF0-6014-4CE5-9071-F039AB54F62E}.Debug|x64.Build.0 = Debug|x64
		{3F5B1FF0-6014-4CE5-9071-F039AB54F62E}.Debug|x86.ActiveCfg = Debug|Win32
		{3F5B1FF0-6014-4CE5-9071-F039AB54F62E}.Debug|x86.Build.0 = Debug|Win32
		{3F5B1FF0-6014-4CE5-9071-F039AB54F62E}.Release|x64.ActiveCfg = Release|x64
		{3F5B1FF0-6014-4CE5-9071-F039AB54F62E}.Release|x64.Build.0 = Release|x64
		{3F5B1FF0-6014-4CE5-9071-F039AB54F62E}.Release|x86.ActiveCfg = Release|Win32
		{3F5B1FF0-6014-4CE5-9071-F039AB54F62E}.Release|x86.Build.0 = Release|Win32
	EndGlobalSection
	GlobalSection(SolutionProperties) = preSolution
		HideSolutionNode = FALSE
	EndGlobalSection
	GlobalSection(ExtensibilityGlobals) = postSolution
		SolutionGuid = {99E19F3C-58E7-4732-A79C-E675CF40678D}
	EndGlobalSection
EndGlobal
